<?xml version="1.0" encoding="utf-8"?>
<Project ToolsVersion="4.0" xmlns="http://schemas.microsoft.com/developer/msbuild/2003">
  <ItemGroup>
    <ClCompile Include="Camera.cpp" />
    <ClCompile Include="character.cpp" />
    <ClCompile Include="Enemy.cpp" />
    <ClCompile Include="FastWalk.cpp" />
    <ClCompile Include="Hero.cpp" />
    <ClCompile Include="XMLParserNode.cpp" />
    <ClCompile Include="NormalWalk.cpp" />
    <ClCompile Include="Ground.cpp" />
    <ClCompile Include="Win.cpp" />
    <ClCompile Include="WinMain.cpp" />
    <ClCompile Include="XMLParser.cpp" />
    <ClCompile Include="Gameobject.cpp" />
    <ClCompile Include="Gamestate.cpp" />
    <ClCompile Include="Block.cpp" />
    <ClCompile Include="DungeonThemeFactory.cpp" />
    <ClCompile Include="LandThemeFactory.cpp" />
    <ClCompile Include="Obstacle.cpp" />
    <ClCompile Include="Pipe.cpp" />
    <ClCompile Include="SkyThemeFactory.cpp" />
    <ClCompile Include="WaterThemeFactory.cpp" />
    <ClCompile Include="Skeleton.cpp" />
  </ItemGroup>
  <ItemGroup>
    <ClInclude Include="Camera.h" />
    <ClInclude Include="character.h" />
    <ClInclude Include="Enemy.h" />
    <ClInclude Include="FastWalk.h" />
    <ClInclude Include="Hero.h" />
    <ClInclude Include="XMLParserNode.h" />
    <ClInclude Include="NormalWalk.h" />
    <ClInclude Include="resource.h" />
    <ClInclude Include="Skeleton.h" />
    <ClInclude Include="WalkBehaviour.h" />
    <ClInclude Include="DungeonThemeFactory.h" />
    <ClInclude Include="factories.h" />
    <ClInclude Include="Ground.h" />
    <ClInclude Include="obstacles.h" />
    <ClInclude Include="SkyThemeFactory.h" />
    <ClInclude Include="WaterThemeFactory.h" />
    <ClInclude Include="Win.h" />
    <ClInclude Include="XMLParser.h" />
    <ClInclude Include="Gameobject.h" />
    <ClInclude Include="Gamestate.h" />
    <ClInclude Include="Block.h" />
    <ClInclude Include="LandThemeFactory.h" />
    <ClInclude Include="Obstacle.h" />
    <ClInclude Include="Pipe.h" />
    <ClInclude Include="ThemeFactory.h" />
  </ItemGroup>
  <ItemGroup>
    <ResourceCompile Include="Mario.rc" />
  </ItemGroup>
  <ItemGroup>
    <None Include="res\backgroundCave.bmp" />
    <None Include="res\backgroundSky.bmp" />
    <None Include="res\dungeon.bmp" />
    <None Include="res\forestlandps.bmp" />
    <None Include="res\testLevel.xml" />
    <None Include="res\world8.bmp" />
  </ItemGroup>
</Project>